schema: '2.0'
stages:
  data_ingestion:
    cmd: python pipelines/data/data_ingestion.py
    deps:
    - path: pipelines/data/data_ingestion.py
      hash: md5
      md5: baaa4801583f0211135dc88b517d7482
      size: 3657
    params:
      params.yaml:
        data_ingestion.test_size: 0.2
    outs:
    - path: data/raw
      hash: md5
      md5: a530aa0d6b83566375b185046f9c5160.dir
      size: 293926135
      nfiles: 2
  data_preprocessing:
    cmd: python pipelines/data/data_preprocessing.py
    deps:
    - path: data/raw/test.csv
      hash: md5
      md5: 8b9df2e0ac471c028d87ef900682e3aa
      size: 58787840
    - path: data/raw/train.csv
      hash: md5
      md5: 047ae01bddd4bf469ecbc4d8dc6920d2
      size: 235138295
    - path: pipelines/data/data_preprocessing.py
      hash: md5
      md5: b53cf18ab395a86dedd90267447aec41
      size: 3719
    outs:
    - path: data/interim/test_preprocessed.csv
      hash: md5
      md5: 9676b3b12df512d3a554f94c7e0aa161
      size: 74106418
    - path: data/interim/train_preprocessed.csv
      hash: md5
      md5: d2eb8ef6711c4a9b358828257b8652d7
      size: 296431711
  model_building:
    cmd: python -m pipelines.model.model_building
    deps:
    - path: data/interim/train_preprocessed.csv
      hash: md5
      md5: be64187a70d4a5b78d1fad655cbbe6db
      size: 286946993
    - path: pipelines/model/model_building.py
      hash: md5
      md5: dc9db73a9f793ecd86a9f89649538167
      size: 9350
    params:
      params.yaml:
        model_building.learning_rate: 0.09
        model_building.max_depth: 20
        model_building.max_features: 1000
        model_building.n_estimators: 367
        model_building.ngram_range:
        - 1
        - 3
    outs:
    - path: lgbm_model.pkl
      hash: md5
      md5: 967c39d36cb638afc448eb92e4f5b282
      size: 3975090
    - path: tfidf_vectorizer.pkl
      hash: md5
      md5: 1bf88e0769630ac20a0b166b00783c1b
      size: 36150
  model_evaluation:
    cmd: python pipelines/model/model_evaluation.py
    deps:
    - path: data/interim/test_preprocessed.csv
      hash: md5
      md5: be709546b0c3416ea6720d4e3a10866f
      size: 73212660
    - path: data/interim/train_preprocessed.csv
      hash: md5
      md5: be64187a70d4a5b78d1fad655cbbe6db
      size: 286946993
    - path: lgbm_model.pkl
      hash: md5
      md5: 967c39d36cb638afc448eb92e4f5b282
      size: 3975090
    - path: pipelines/model/model_evaluation.py
      hash: md5
      md5: 7bf226ac709fd6bccba56da070050989
      size: 7949
    - path: tfidf_vectorizer.pkl
      hash: md5
      md5: 1bf88e0769630ac20a0b166b00783c1b
      size: 36150
    outs:
    - path: experiment_info.json
      hash: md5
      md5: b597fda25332e2f65b6057d1352997cb
      size: 87
